# THIS IS AN AUTOGENERATED FILE. DO NOT EDIT THIS FILE DIRECTLY.
# yarn lockfile v1


animate.css@^4.1.0:
  version "4.1.0"
  resolved "https://registry.yarnpkg.com/animate.css/-/animate.css-4.1.0.tgz#dec2aabe4babfc6f6777f9a5cccd132838729b50"
  integrity sha512-0aVcfWDeU9ykV6vjn1P67ZSs01jxoUQZCGaYbkk0SIIelIG8kUdLrIkua1+VabHfTtsSivDRMMn0ILPvZum2gw==
